
Microsoft Visual Studio Solution File, Format Version 12.00
# Visual Studio Version 16
VisualStudioVersion = 16.0.31911.196
MinimumVisualStudioVersion = 10.0.40219.1
Project("{888888A0-9F3D-457C-B088-3A5042F75D52}") = "b", "b.pyproj", "{6AC4CC2A-A077-4F7B-A4BA-C163EB560A52}"
EndProject
Global
	GlobalSection(SolutionConfigurationPlatforms) = preSolution
		Debug|Any CPU = Debug|Any CPU
		Release|Any CPU = Release|Any CPU
	EndGlobalSection
	GlobalSection(ProjectConfigurationPlatforms) = postSolution
		{6AC4CC2A-A077-4F7B-A4BA-C163EB560A52}.Debug|Any CPU.ActiveCfg = Debug|Any CPU
		{6AC4CC2A-A077-4F7B-A4BA-C163EB560A52}.Release|Any CPU.ActiveCfg = Release|Any CPU
	EndGlobalSection
	GlobalSection(SolutionProperties) = preSolution
		HideSolutionNode = FALSE
	EndGlobalSection
	GlobalSection(ExtensibilityGlobals) = postSolution
		SolutionGuid = {EECD8C01-DEE0-4CA1-8F2D-F190151F05FE}
	EndGlobalSection
EndGlobal
